github.com/aaronland/go-roster v1.0.0 h1:FRDGrTqsYySKjWnAhbBGXyeGlI/o5/t9FZYCbUmyQtI=
github.com/aaronland/go-roster v1.0.0/go.mod h1:KIsYZgrJlAsyb9LsXSCvlqvbcCBVjCSqcQiZx42i9ro=
github.com/sfomuseum/go-flags v0.8.3 h1:rclKNzfBgN8nfS5qKjMUo8ymQ4mrH4KaEMFQRAT98m8=
github.com/sfomuseum/go-flags v0.8.3/go.mod h1:VXOnnX1/yxQpX2yiwHaBV6aCmhtszQOL5bL1/nNo3co=
